
Microsoft Visual Studio Solution File, Format Version 12.00
# Visual Studio Version 17
VisualStudioVersion = 17.0.31903.59
MinimumVisualStudioVersion = 10.0.40219.1
Project("{2150E333-8FDC-42A3-9474-1A3956D46DE8}") = "src", "src", "{C8244974-AD21-49E6-BFC3-D04A7B9ABC82}"
EndProject
Project("{FAE04EC0-301F-11D3-BF4B-00C04F79EFBC}") = "Exercism.Analyzers.CSharp", "src\Exercism.Analyzers.CSharp\Exercism.Analyzers.CSharp.csproj", "{31AEC9B0-D65C-4294-9C13-84383610B0AE}"
EndProject
Global
	GlobalSection(SolutionConfigurationPlatforms) = preSolution
		Debug|Any CPU = Debug|Any CPU
		Release|Any CPU = Release|Any CPU
	EndGlobalSection
	GlobalSection(SolutionProperties) = preSolution
		HideSolutionNode = FALSE
	EndGlobalSection
	GlobalSection(ProjectConfigurationPlatforms) = postSolution
		{31AEC9B0-D65C-4294-9C13-84383610B0AE}.Debug|Any CPU.ActiveCfg = Debug|Any CPU
		{31AEC9B0-D65C-4294-9C13-84383610B0AE}.Debug|Any CPU.Build.0 = Debug|Any CPU
		{31AEC9B0-D65C-4294-9C13-84383610B0AE}.Release|Any CPU.ActiveCfg = Release|Any CPU
		{31AEC9B0-D65C-4294-9C13-84383610B0AE}.Release|Any CPU.Build.0 = Release|Any CPU
	EndGlobalSection
	GlobalSection(NestedProjects) = preSolution
		{31AEC9B0-D65C-4294-9C13-84383610B0AE} = {C8244974-AD21-49E6-BFC3-D04A7B9ABC82}
	EndGlobalSection
EndGlobal
